// !$*UTF8*$!
{
	archiveVersion = 1;
	classes = {
	};
	objectVersion = 46;
	objects = {

/* Begin PBXBuildFile section */
		095065CB144FEC05007776F4 /* Cocoa.framework in Frameworks */ = {isa = PBXBuildFile; fileRef = 095065CA144FEC05007776F4 /* Cocoa.framework */; };
		095065D5144FEC05007776F4 /* InfoPlist.strings in Resources */ = {isa = PBXBuildFile; fileRef = 095065D3144FEC05007776F4 /* InfoPlist.strings */; };
		095065D7144FEC05007776F4 /* main.m in Sources */ = {isa = PBXBuildFile; fileRef = 095065D6144FEC05007776F4 /* main.m */; };
		095065DB144FEC06007776F4 /* Credits.rtf in Resources */ = {isa = PBXBuildFile; fileRef = 095065D9144FEC06007776F4 /* Credits.rtf */; };
		095065DE144FEC06007776F4 /* RandomAppAppDelegate.m in Sources */ = {isa = PBXBuildFile; fileRef = 095065DD144FEC06007776F4 /* RandomAppAppDelegate.m */; };
		095065E1144FEC06007776F4 /* MainMenu.xib in Resources */ = {isa = PBXBuildFile; fileRef = 095065DF144FEC06007776F4 /* MainMenu.xib */; };
		095065E9144FED1B007776F4 /* Foo.m in Sources */ = {isa = PBXBuildFile; fileRef = 095065E8144FED1B007776F4 /* Foo.m */; };
/* End PBXBuildFile section */

/* Begin PBXFileReference section */
		095065C6144FEC05007776F4 /* RandomApp.app */ = {isa = PBXFileReference; explicitFileType = wrapper.application; includeInIndex = 0; path = RandomApp.app; sourceTree = BUILT_PRODUCTS_DIR; };
		095065CA144FEC05007776F4 /* Cocoa.framework */ = {isa = PBXFileReference; lastKnownFileType = wrapper.framework; name = Cocoa.framework; path = System/Library/Frameworks/Cocoa.framework; sourceTree = SDKROOT; };
		095065CD144FEC05007776F4 /* AppKit.framework */ = {isa = PBXFileReference; lastKnownFileType = wrapper.framework; name = AppKit.framework; path = System/Library/Frameworks/AppKit.framework; sourceTree = SDKROOT; };
		095065CE144FEC05007776F4 /* CoreData.framework */ = {isa = PBXFileReference; lastKnownFileType = wrapper.framework; name = CoreData.framework; path = System/Library/Frameworks/CoreData.framework; sourceTree = SDKROOT; };
		095065CF144FEC05007776F4 /* Foundation.framework */ = {isa = PBXFileReference; lastKnownFileType = wrapper.framework; name = Foundation.framework; path = System/Library/Frameworks/Foundation.framework; sourceTree = SDKROOT; };
		095065D2144FEC05007776F4 /* RandomApp-Info.plist */ = {isa = PBXFileReference; lastKnownFileType = text.plist.xml; path = "RandomApp-Info.plist"; sourceTree = "<group>"; };
		095065D4144FEC05007776F4 /* en */ = {isa = PBXFileReference; lastKnownFileType = text.plist.strings; name = en; path = en.lproj/InfoPlist.strings; sourceTree = "<group>"; };
		095065D6144FEC05007776F4 /* main.m */ = {isa = PBXFileReference; lastKnownFileType = sourcecode.c.objc; path = main.m; sourceTree = "<group>"; };
		095065D8144FEC05007776F4 /* RandomApp-Prefix.pch */ = {isa = PBXFileReference; lastKnownFileType = sourcecode.c.h; path = "RandomApp-Prefix.pch"; sourceTree = "<group>"; };
		095065DA144FEC06007776F4 /* en */ = {isa = PBXFileReference; lastKnownFileType = text.rtf; name = en; path = en.lproj/Credits.rtf; sourceTree = "<group>"; };
		095065DC144FEC06007776F4 /* RandomAppAppDelegate.h */ = {isa = PBXFileReference; lastKnownFileType = sourcecode.c.h; path = RandomAppAppDelegate.h; sourceTree = "<group>"; };
		095065DD144FEC06007776F4 /* RandomAppAppDelegate.m */ = {isa = PBXFileReference; lastKnownFileType = sourcecode.c.objc; path = RandomAppAppDelegate.m; sourceTree = "<group>"; };
		095065E0144FEC06007776F4 /* en */ = {isa = PBXFileReference; lastKnownFileType = file.xib; name = en; path = en.lproj/MainMenu.xib; sourceTree = "<group>"; };
		095065E7144FED1B007776F4 /* Foo.h */ = {isa = PBXFileReference; fileEncoding = 4; lastKnownFileType = sourcecode.c.h; path = Foo.h; sourceTree = "<group>"; };
		095065E8144FED1B007776F4 /* Foo.m */ = {isa = PBXFileReference; fileEncoding = 4; lastKnownFileType = sourcecode.c.objc; path = Foo.m; sourceTree = "<group>"; };
/* End PBXFileReference section */

/* Begin PBXFrameworksBuildPhase section */
		095065C3144FEC05007776F4 /* Frameworks */ = {
			isa = PBXFrameworksBuildPhase;
			buildActionMask = 2147483647;
			files = (
				095065CB144FEC05007776F4 /* Cocoa.framework in Frameworks */,
			);
			runOnlyForDeploymentPostprocessing = 0;
		};
/* End PBXFrameworksBuildPhase section */

/* Begin PBXGroup section */
		095065BB144FEC05007776F4 = {
			isa = PBXGroup;
			children = (
				095065D0144FEC05007776F4 /* RandomApp */,
				095065C9144FEC05007776F4 /* Frameworks */,
				095065C7144FEC05007776F4 /* Products */,
			);
			sourceTree = "<group>";
		};
		095065C7144FEC05007776F4 /* Products */ = {
			isa = PBXGroup;
			children = (
				095065C6144FEC05007776F4 /* RandomApp.app */,
			);
			name = Products;
			sourceTree = "<group>";
		};
		095065C9144FEC05007776F4 /* Frameworks */ = {
			isa = PBXGroup;
			children = (
				095065CA144FEC05007776F4 /* Cocoa.framework */,
				095065CC144FEC05007776F4 /* Other Frameworks */,
			);
			name = Frameworks;
			sourceTree = "<group>";
		};
		095065CC144FEC05007776F4 /* Other Frameworks */ = {
			isa = PBXGroup;
			children = (
				095065CD144FEC05007776F4 /* AppKit.framework */,
				095065CE144FEC05007776F4 /* CoreData.framework */,
				095065CF144FEC05007776F4 /* Foundation.framework */,
			);
			name = "Other Frameworks";
			sourceTree = "<group>";
		};
		095065D0144FEC05007776F4 /* RandomApp */ = {
			isa = PBXGroup;
			children = (
				095065DC144FEC06007776F4 /* RandomAppAppDelegate.h */,
				095065DD144FEC06007776F4 /* RandomAppAppDelegate.m */,
				095065DF144FEC06007776F4 /* MainMenu.xib */,
				095065E7144FED1B007776F4 /* Foo.h */,
				095065E8144FED1B007776F4 /* Foo.m */,
				095065D1144FEC05007776F4 /* Supporting Files */,
			);
			path = RandomApp;
			sourceTree = "<group>";
		};
		095065D1144FEC05007776F4 /* Supporting Files */ = {
			isa = PBXGroup;
			children = (
				095065D2144FEC05007776F4 /* RandomApp-Info.plist */,
				095065D3144FEC05007776F4 /* InfoPlist.strings */,
				095065D6144FEC05007776F4 /* main.m */,
				095065D8144FEC05007776F4 /* RandomApp-Prefix.pch */,
				095065D9144FEC06007776F4 /* Credits.rtf */,
			);
			name = "Supporting Files";
			sourceTree = "<group>";
		};
/* End PBXGroup section */

/* Begin PBXNativeTarget section */
		095065C5144FEC05007776F4 /* RandomApp */ = {
			isa = PBXNativeTarget;
			buildConfigurationList = 095065E4144FEC06007776F4 /* Build configuration list for PBXNativeTarget "RandomApp" */;
			buildPhases = (
				095065C2144FEC05007776F4 /* Sources */,
				095065C3144FEC05007776F4 /* Frameworks */,
				095065C4144FEC05007776F4 /* Resources */,
			);
			buildRules = (
			);
			dependencies = (
			);
			name = RandomApp;
			productName = RandomApp;
			productReference = 095065C6144FEC05007776F4 /* RandomApp.app */;
			productType = "com.apple.product-type.application";
		};
/* End PBXNativeTarget section */

/* Begin PBXProject section */
		095065BD144FEC05007776F4 /* Project object */ = {
			isa = PBXProject;
			attributes = {
				ORGANIZATIONNAME = "Tokyo Institute of Technology";
			};
			buildConfigurationList = 095065C0144FEC05007776F4 /* Build configuration list for PBXProject "RandomApp" */;
			compatibilityVersion = "Xcode 3.2";
			developmentRegion = English;
			hasScannedForEncodings = 0;
			knownRegions = (
				en,
			);
			mainGroup = 095065BB144FEC05007776F4;
			productRefGroup = 095065C7144FEC05007776F4 /* Products */;
			projectDirPath = "";
			projectRoot = "";
			targets = (
				095065C5144FEC05007776F4 /* RandomApp */,
			);
		};
/* End PBXProject section */

/* Begin PBXResourcesBuildPhase section */
		095065C4144FEC05007776F4 /* Resources */ = {
			isa = PBXResourcesBuildPhase;
			buildActionMask = 2147483647;
			files = (
				095065D5144FEC05007776F4 /* InfoPlist.strings in Resources */,
				095065DB144FEC06007776F4 /* Credits.rtf in Resources */,
				095065E1144FEC06007776F4 /* MainMenu.xib in Resources */,
			);
			runOnlyForDeploymentPostprocessing = 0;
		};
/* End PBXResourcesBuildPhase section */

/* Begin PBXSourcesBuildPhase section */
		095065C2144FEC05007776F4 /* Sources */ = {
			isa = PBXSourcesBuildPhase;
			buildActionMask = 2147483647;
			files = (
				095065D7144FEC05007776F4 /* main.m in Sources */,
				095065DE144FEC06007776F4 /* RandomAppAppDelegate.m in Sources */,
				095065E9144FED1B007776F4 /* Foo.m in Sources */,
			);
			runOnlyForDeploymentPostprocessing = 0;
		};
/* End PBXSourcesBuildPhase section */

/* Begin PBXVariantGroup section */
		095065D3144FEC05007776F4 /* InfoPlist.strings */ = {
			isa = PBXVariantGroup;
			children = (
				095065D4144FEC05007776F4 /* en */,
			);
			name = InfoPlist.strings;
			sourceTree = "<group>";
		};
		095065D9144FEC06007776F4 /* Credits.rtf */ = {
			isa = PBXVariantGroup;
			children = (
				095065DA144FEC06007776F4 /* en */,
			);
			name = Credits.rtf;
			sourceTree = "<group>";
		};
		095065DF144FEC06007776F4 /* MainMenu.xib */ = {
			isa = PBXVariantGroup;
			children = (
				095065E0144FEC06007776F4 /* en */,
			);
			name = MainMenu.xib;
			sourceTree = "<group>";
		};
/* End PBXVariantGroup section */

/* Begin XCBuildConfiguration section */
		095065E2144FEC06007776F4 /* Debug */ = {
			isa = XCBuildConfiguration;
			buildSettings = {
				ALWAYS_SEARCH_USER_PATHS = NO;
				ARCHS = "$(ARCHS_STANDARD_64_BIT)";
				COPY_PHASE_STRIP = NO;
				GCC_C_LANGUAGE_STANDARD = gnu99;
				GCC_DYNAMIC_NO_PIC = NO;
				GCC_ENABLE_OBJC_EXCEPTIONS = YES;
				GCC_OPTIMIZATION_LEVEL = 0;
				GCC_PREPROCESSOR_DEFINITIONS = (
					"DEBUG=1",
					"$(inherited)",
				);
				GCC_SYMBOLS_PRIVATE_EXTERN = NO;
				GCC_VERSION = com.apple.compilers.llvm.clang.1_0;
				GCC_WARN_64_TO_32_BIT_CONVERSION = YES;
				GCC_WARN_ABOUT_MISSING_PROTOTYPES = YES;
				GCC_WARN_ABOUT_RETURN_TYPE = YES;
				GCC_WARN_UNUSED_VARIABLE = YES;
				MACOSX_DEPLOYMENT_TARGET = 10.7;
				ONLY_ACTIVE_ARCH = YES;
				SDKROOT = macosx;
			};
			name = Debug;
		};
		095065E3144FEC06007776F4 /* Release */ = {
			isa = XCBuildConfiguration;
			buildSettings = {
				ALWAYS_SEARCH_USER_PATHS = NO;
				ARCHS = "$(ARCHS_STANDARD_64_BIT)";
				COPY_PHASE_STRIP = YES;
				DEBUG_INFORMATION_FORMAT = "dwarf-with-dsym";
				GCC_C_LANGUAGE_STANDARD = gnu99;
				GCC_ENABLE_OBJC_EXCEPTIONS = YES;
				GCC_VERSION = com.apple.compilers.llvm.clang.1_0;
				GCC_WARN_64_TO_32_BIT_CONVERSION = YES;
				GCC_WARN_ABOUT_MISSING_PROTOTYPES = YES;
				GCC_WARN_ABOUT_RETURN_TYPE = YES;
				GCC_WARN_UNUSED_VARIABLE = YES;
				MACOSX_DEPLOYMENT_TARGET = 10.7;
				SDKROOT = macosx;
			};
			name = Release;
		};
		095065E5144FEC06007776F4 /* Debug */ = {
			isa = XCBuildConfiguration;
			buildSettings = {
				GCC_PRECOMPILE_PREFIX_HEADER = YES;
				GCC_PREFIX_HEADER = "RandomApp/RandomApp-Prefix.pch";
				INFOPLIST_FILE = "RandomApp/RandomApp-Info.plist";
				PRODUCT_NAME = "$(TARGET_NAME)";
				WRAPPER_EXTENSION = app;
			};
			name = Debug;
		};
		095065E6144FEC06007776F4 /* Release */ = {
			isa = XCBuildConfiguration;
			buildSettings = {
				GCC_PRECOMPILE_PREFIX_HEADER = YES;
				GCC_PREFIX_HEADER = "RandomApp/RandomApp-Prefix.pch";
				INFOPLIST_FILE = "RandomApp/RandomApp-Info.plist";
				PRODUCT_NAME = "$(TARGET_NAME)";
				WRAPPER_EXTENSION = app;
			};
			name = Release;
		};
/* End XCBuildConfiguration section */

/* Begin XCConfigurationList section */
		095065C0144FEC05007776F4 /* Build configuration list for PBXProject "RandomApp" */ = {
			isa = XCConfigurationList;
			buildConfigurations = (
				095065E2144FEC06007776F4 /* Debug */,
				095065E3144FEC06007776F4 /* Release */,
			);
			defaultConfigurationIsVisible = 0;
			defaultConfigurationName = Release;
		};
		095065E4144FEC06007776F4 /* Build configuration list for PBXNativeTarget "RandomApp" */ = {
			isa = XCConfigurationList;
			buildConfigurations = (
				095065E5144FEC06007776F4 /* Debug */,
				095065E6144FEC06007776F4 /* Release */,
			);
			defaultConfigurationIsVisible = 0;
		};
/* End XCConfigurationList section */
	};
	rootObject = 095065BD144FEC05007776F4 /* Project object */;
}
